// !$*UTF8*$!
{
	archiveVersion = 1;
	classes = {
	};
	objectVersion = 51;
	objects = {

/* Begin PBXBuildFile section */
		4F48BA53264485A700A2A88E /* AppDelegate.swift in Sources */ = {isa = PBXBuildFile; fileRef = 4F48BA52264485A700A2A88E /* AppDelegate.swift */; };
		4F48BA55264485A700A2A88E /* SceneDelegate.swift in Sources */ = {isa = PBXBuildFile; fileRef = 4F48BA54264485A700A2A88E /* SceneDelegate.swift */; };
		4F48BA57264485A700A2A88E /* ViewController.swift in Sources */ = {isa = PBXBuildFile; fileRef = 4F48BA56264485A700A2A88E /* ViewController.swift */; };
		4F48BA5A264485A700A2A88E /* Main.storyboard in Resources */ = {isa = PBXBuildFile; fileRef = 4F48BA58264485A700A2A88E /* Main.storyboard */; };
		4F48BA5C264485B200A2A88E /* Assets.xcassets in Resources */ = {isa = PBXBuildFile; fileRef = 4F48BA5B264485B200A2A88E /* Assets.xcassets */; };
		4F48BA5F264485B200A2A88E /* LaunchScreen.storyboard in Resources */ = {isa = PBXBuildFile; fileRef = 4F48BA5D264485B200A2A88E /* LaunchScreen.storyboard */; };
		4F48BA67264492D900A2A88E /* SideMenuController.swift in Sources */ = {isa = PBXBuildFile; fileRef = 4F48BA66264492D800A2A88E /* SideMenuController.swift */; };
		4F5F88AB2644C0120055C4A4 /* SideMenuContent.swift in Sources */ = {isa = PBXBuildFile; fileRef = 4F5F88AA2644C0120055C4A4 /* SideMenuContent.swift */; };
		4F5F88AF2644C5860055C4A4 /* CustomTableViewCell.swift in Sources */ = {isa = PBXBuildFile; fileRef = 4F5F88AE2644C5860055C4A4 /* CustomTableViewCell.swift */; };
		65869073DC2BE8AAF645AC33 /* Pods_sideMenuApplication.framework in Frameworks */ = {isa = PBXBuildFile; fileRef = 2DFBBEB84524D8FA4B5178C2 /* Pods_sideMenuApplication.framework */; };
/* End PBXBuildFile section */

/* Begin PBXFileReference section */
		2DFBBEB84524D8FA4B5178C2 /* Pods_sideMenuApplication.framework */ = {isa = PBXFileReference; explicitFileType = wrapper.framework; includeInIndex = 0; path = Pods_sideMenuApplication.framework; sourceTree = BUILT_PRODUCTS_DIR; };
		4F48BA4F264485A700A2A88E /* sideMenuApplication.app */ = {isa = PBXFileReference; explicitFileType = wrapper.application; includeInIndex = 0; path = sideMenuApplication.app; sourceTree = BUILT_PRODUCTS_DIR; };
		4F48BA52264485A700A2A88E /* AppDelegate.swift */ = {isa = PBXFileReference; lastKnownFileType = sourcecode.swift; path = AppDelegate.swift; sourceTree = "<group>"; };
		4F48BA54264485A700A2A88E /* SceneDelegate.swift */ = {isa = PBXFileReference; lastKnownFileType = sourcecode.swift; path = SceneDelegate.swift; sourceTree = "<group>"; };
		4F48BA56264485A700A2A88E /* ViewController.swift */ = {isa = PBXFileReference; lastKnownFileType = sourcecode.swift; path = ViewController.swift; sourceTree = "<group>"; };
		4F48BA59264485A700A2A88E /* Base */ = {isa = PBXFileReference; lastKnownFileType = file.storyboard; name = Base; path = Base.lproj/Main.storyboard; sourceTree = "<group>"; };
		4F48BA5B264485B200A2A88E /* Assets.xcassets */ = {isa = PBXFileReference; lastKnownFileType = folder.assetcatalog; path = Assets.xcassets; sourceTree = "<group>"; };
		4F48BA5E264485B200A2A88E /* Base */ = {isa = PBXFileReference; lastKnownFileType = file.storyboard; name = Base; path = Base.lproj/LaunchScreen.storyboard; sourceTree = "<group>"; };
		4F48BA60264485B200A2A88E /* Info.plist */ = {isa = PBXFileReference; lastKnownFileType = text.plist.xml; path = Info.plist; sourceTree = "<group>"; };
		4F48BA66264492D800A2A88E /* SideMenuController.swift */ = {isa = PBXFileReference; lastKnownFileType = sourcecode.swift; path = SideMenuController.swift; sourceTree = "<group>"; };
		4F5F88AA2644C0120055C4A4 /* SideMenuContent.swift */ = {isa = PBXFileReference; lastKnownFileType = sourcecode.swift; path = SideMenuContent.swift; sourceTree = "<group>"; };
		4F5F88AE2644C5860055C4A4 /* CustomTableViewCell.swift */ = {isa = PBXFileReference; lastKnownFileType = sourcecode.swift; path = CustomTableViewCell.swift; sourceTree = "<group>"; };
		7BD8FC3A617733C5A606D36E /* Pods-sideMenuApplication.release.xcconfig */ = {isa = PBXFileReference; includeInIndex = 1; lastKnownFileType = text.xcconfig; name = "Pods-sideMenuApplication.release.xcconfig"; path = "Target Support Files/Pods-sideMenuApplication/Pods-sideMenuApplication.release.xcconfig"; sourceTree = "<group>"; };
		B9EFBA7845DDF3D06EE39B0E /* Pods-sideMenuApplication.debug.xcconfig */ = {isa = PBXFileReference; includeInIndex = 1; lastKnownFileType = text.xcconfig; name = "Pods-sideMenuApplication.debug.xcconfig"; path = "Target Support Files/Pods-sideMenuApplication/Pods-sideMenuApplication.debug.xcconfig"; sourceTree = "<group>"; };
/* End PBXFileReference section */

/* Begin PBXFrameworksBuildPhase section */
		4F48BA4C264485A700A2A88E /* Frameworks */ = {
			isa = PBXFrameworksBuildPhase;
			buildActionMask = 2147483647;
			files = (
				65869073DC2BE8AAF645AC33 /* Pods_sideMenuApplication.framework in Frameworks */,
			);
			runOnlyForDeploymentPostprocessing = 0;
		};
/* End PBXFrameworksBuildPhase section */

/* Begin PBXGroup section */
		4F48BA46264485A700A2A88E = {
			isa = PBXGroup;
			children = (
				4F48BA51264485A700A2A88E /* sideMenuApplication */,
				4F48BA50264485A700A2A88E /* Products */,
				BECE73A7C7FAD6E8EFBD09C3 /* Pods */,
				9D79F5F040BC470A2B0659D6 /* Frameworks */,
			);
			sourceTree = "<group>";
		};
		4F48BA50264485A700A2A88E /* Products */ = {
			isa = PBXGroup;
			children = (
				4F48BA4F264485A700A2A88E /* sideMenuApplication.app */,
			);
			name = Products;
			sourceTree = "<group>";
		};
		4F48BA51264485A700A2A88E /* sideMenuApplication */ = {
			isa = PBXGroup;
			children = (
				4F48BA52264485A700A2A88E /* AppDelegate.swift */,
				4F48BA54264485A700A2A88E /* SceneDelegate.swift */,
				4F5F88A92644BFE50055C4A4 /* Model */,
				4F5F88AD2644C1410055C4A4 /* View */,
				4F5F88AC2644C12C0055C4A4 /* Controller */,
				4F48BA5B264485B200A2A88E /* Assets.xcassets */,
				4F48BA60264485B200A2A88E /* Info.plist */,
			);
			path = sideMenuApplication;
			sourceTree = "<group>";
		};
		4F5F88A92644BFE50055C4A4 /* Model */ = {
			isa = PBXGroup;
			children = (
				4F5F88AA2644C0120055C4A4 /* SideMenuContent.swift */,
			);
			name = Model;
			sourceTree = "<group>";
		};
		4F5F88AC2644C12C0055C4A4 /* Controller */ = {
			isa = PBXGroup;
			children = (
				4F48BA66264492D800A2A88E /* SideMenuController.swift */,
				4F48BA56264485A700A2A88E /* ViewController.swift */,
				4F5F88AE2644C5860055C4A4 /* CustomTableViewCell.swift */,
			);
			name = Controller;
			sourceTree = "<group>";
		};
		4F5F88AD2644C1410055C4A4 /* View */ = {
			isa = PBXGroup;
			children = (
				4F48BA5D264485B200A2A88E /* LaunchScreen.storyboard */,
				4F48BA58264485A700A2A88E /* Main.storyboard */,
			);
			name = View;
			sourceTree = "<group>";
		};
		9D79F5F040BC470A2B0659D6 /* Frameworks */ = {
			isa = PBXGroup;
			children = (
				2DFBBEB84524D8FA4B5178C2 /* Pods_sideMenuApplication.framework */,
			);
			name = Frameworks;
			sourceTree = "<group>";
		};
		BECE73A7C7FAD6E8EFBD09C3 /* Pods */ = {
			isa = PBXGroup;
			children = (
				B9EFBA7845DDF3D06EE39B0E /* Pods-sideMenuApplication.debug.xcconfig */,
				7BD8FC3A617733C5A606D36E /* Pods-sideMenuApplication.release.xcconfig */,
			);
			path = Pods;
			sourceTree = "<group>";
		};
/* End PBXGroup section */

/* Begin PBXNativeTarget section */
		4F48BA4E264485A700A2A88E /* sideMenuApplication */ = {
			isa = PBXNativeTarget;
			buildConfigurationList = 4F48BA63264485B200A2A88E /* Build configuration list for PBXNativeTarget "sideMenuApplication" */;
			buildPhases = (
				CF0B8EB1BFEF9D5138ED88FD /* [CP] Check Pods Manifest.lock */,
				4F48BA4B264485A700A2A88E /* Sources */,
				4F48BA4C264485A700A2A88E /* Frameworks */,
				4F48BA4D264485A700A2A88E /* Resources */,
				AA6F717EA3EE7DAF994B9402 /* [CP] Embed Pods Frameworks */,
			);
			buildRules = (
			);
			dependencies = (
			);
			name = sideMenuApplication;
			productName = sideMenuApplication;
			productReference = 4F48BA4F264485A700A2A88E /* sideMenuApplication.app */;
			productType = "com.apple.product-type.application";
		};
/* End PBXNativeTarget section */

/* Begin PBXProject section */
		4F48BA47264485A700A2A88E /* Project object */ = {
			isa = PBXProject;
			attributes = {
				LastSwiftUpdateCheck = 1130;
				LastUpgradeCheck = 1130;
				ORGANIZATIONNAME = "Mehdi Benrefad";
				TargetAttributes = {
					4F48BA4E264485A700A2A88E = {
						CreatedOnToolsVersion = 11.3.1;
					};
				};
			};
			buildConfigurationList = 4F48BA4A264485A700A2A88E /* Build configuration list for PBXProject "sideMenuApplication" */;
			compatibilityVersion = "Xcode 9.3";
			developmentRegion = en;
			hasScannedForEncodings = 0;
			knownRegions = (
				en,
				Base,
			);
			mainGroup = 4F48BA46264485A700A2A88E;
			productRefGroup = 4F48BA50264485A700A2A88E /* Products */;
			projectDirPath = "";
			projectRoot = "";
			targets = (
				4F48BA4E264485A700A2A88E /* sideMenuApplication */,
			);
		};
/* End PBXProject section */

/* Begin PBXResourcesBuildPhase section */
		4F48BA4D264485A700A2A88E /* Resources */ = {
			isa = PBXResourcesBuildPhase;
			buildActionMask = 2147483647;
			files = (
				4F48BA5F264485B200A2A88E /* LaunchScreen.storyboard in Resources */,
				4F48BA5C264485B200A2A88E /* Assets.xcassets in Resources */,
				4F48BA5A264485A700A2A88E /* Main.storyboard in Resources */,
			);
			runOnlyForDeploymentPostprocessing = 0;
		};
/* End PBXResourcesBuildPhase section */

/* Begin PBXShellScriptBuildPhase section */
		AA6F717EA3EE7DAF994B9402 /* [CP] Embed Pods Frameworks */ = {
			isa = PBXShellScriptBuildPhase;
			buildActionMask = 2147483647;
			files = (
			);
			inputFileListPaths = (
				"${PODS_ROOT}/Target Support Files/Pods-sideMenuApplication/Pods-sideMenuApplication-frameworks-${CONFIGURATION}-input-files.xcfilelist",
			);
			name = "[CP] Embed Pods Frameworks";
			outputFileListPaths = (
				"${PODS_ROOT}/Target Support Files/Pods-sideMenuApplication/Pods-sideMenuApplication-frameworks-${CONFIGURATION}-output-files.xcfilelist",
			);
			runOnlyForDeploymentPostprocessing = 0;
			shellPath = /bin/sh;
			shellScript = "\"${PODS_ROOT}/Target Support Files/Pods-sideMenuApplication/Pods-sideMenuApplication-frameworks.sh\"\n";
			showEnvVarsInLog = 0;
		};
		CF0B8EB1BFEF9D5138ED88FD /* [CP] Check Pods Manifest.lock */ = {
			isa = PBXShellScriptBuildPhase;
			buildActionMask = 2147483647;
			files = (
			);
			inputFileListPaths = (
			);
			inputPaths = (
				"${PODS_PODFILE_DIR_PATH}/Podfile.lock",
				"${PODS_ROOT}/Manifest.lock",
			);
			name = "[CP] Check Pods Manifest.lock";
			outputFileListPaths = (
			);
			outputPaths = (
				"$(DERIVED_FILE_DIR)/Pods-sideMenuApplication-checkManifestLockResult.txt",
			);
			runOnlyForDeploymentPostprocessing = 0;
			shellPath = /bin/sh;
			shellScript = "diff \"${PODS_PODFILE_DIR_PATH}/Podfile.lock\" \"${PODS_ROOT}/Manifest.lock\" > /dev/null\nif [ $? != 0 ] ; then\n    # print error to STDERR\n    echo \"error: The sandbox is not in sync with the Podfile.lock. Run 'pod install' or update your CocoaPods installation.\" >&2\n    exit 1\nfi\n# This output is used by Xcode 'outputs' to avoid re-running this script phase.\necho \"SUCCESS\" > \"${SCRIPT_OUTPUT_FILE_0}\"\n";
			showEnvVarsInLog = 0;
		};
/* End PBXShellScriptBuildPhase section */

/* Begin PBXSourcesBuildPhase section */
		4F48BA4B264485A700A2A88E /* Sources */ = {
			isa = PBXSourcesBuildPhase;
			buildActionMask = 2147483647;
			files = (
				4F5F88AF2644C5860055C4A4 /* CustomTableViewCell.swift in Sources */,
				4F48BA57264485A700A2A88E /* ViewController.swift in Sources */,
				4F5F88AB2644C0120055C4A4 /* SideMenuContent.swift in Sources */,
				4F48BA67264492D900A2A88E /* SideMenuController.swift in Sources */,
				4F48BA53264485A700A2A88E /* AppDelegate.swift in Sources */,
				4F48BA55264485A700A2A88E /* SceneDelegate.swift in Sources */,
			);
			runOnlyForDeploymentPostprocessing = 0;
		};
/* End PBXSourcesBuildPhase section */

/* Begin PBXVariantGroup section */
		4F48BA58264485A700A2A88E /* Main.storyboard */ = {
			isa = PBXVariantGroup;
			children = (
				4F48BA59264485A700A2A88E /* Base */,
			);
			name = Main.storyboard;
			sourceTree = "<group>";
		};
		4F48BA5D264485B200A2A88E /* LaunchScreen.storyboard */ = {
			isa = PBXVariantGroup;
			children = (
				4F48BA5E264485B200A2A88E /* Base */,
			);
			name = LaunchScreen.storyboard;
			sourceTree = "<group>";
		};
/* End PBXVariantGroup section */

/* Begin XCBuildConfiguration section */
		4F48BA61264485B200A2A88E /* Debug */ = {
			isa = XCBuildConfiguration;
			buildSettings = {
				ALWAYS_SEARCH_USER_PATHS = NO;
				CLANG_ANALYZER_NONNULL = YES;
				CLANG_ANALYZER_NUMBER_OBJECT_CONVERSION = YES_AGGRESSIVE;
				CLANG_CXX_LANGUAGE_STANDARD = "gnu++14";
				CLANG_CXX_LIBRARY = "libc++";
				CLANG_ENABLE_MODULES = YES;
				CLANG_ENABLE_OBJC_ARC = YES;
				CLANG_ENABLE_OBJC_WEAK = YES;
				CLANG_WARN_BLOCK_CAPTURE_AUTORELEASING = YES;
				CLANG_WARN_BOOL_CONVERSION = YES;
				CLANG_WARN_COMMA = YES;
				CLANG_WARN_CONSTANT_CONVERSION = YES;
				CLANG_WARN_DEPRECATED_OBJC_IMPLEMENTATIONS = YES;
				CLANG_WARN_DIRECT_OBJC_ISA_USAGE = YES_ERROR;
				CLANG_WARN_DOCUMENTATION_COMMENTS = YES;
				CLANG_WARN_EMPTY_BODY = YES;
				CLANG_WARN_ENUM_CONVERSION = YES;
				CLANG_WARN_INFINITE_RECURSION = YES;
				CLANG_WARN_INT_CONVERSION = YES;
				CLANG_WARN_NON_LITERAL_NULL_CONVERSION = YES;
				CLANG_WARN_OBJC_IMPLICIT_RETAIN_SELF = YES;
				CLANG_WARN_OBJC_LITERAL_CONVERSION = YES;
				CLANG_WARN_OBJC_ROOT_CLASS = YES_ERROR;
				CLANG_WARN_RANGE_LOOP_ANALYSIS = YES;
				CLANG_WARN_STRICT_PROTOTYPES = YES;
				CLANG_WARN_SUSPICIOUS_MOVE = YES;
				CLANG_WARN_UNGUARDED_AVAILABILITY = YES_AGGRESSIVE;
				CLANG_WARN_UNREACHABLE_CODE = YES;
				CLANG_WARN__DUPLICATE_METHOD_MATCH = YES;
				COPY_PHASE_STRIP = NO;
				DEBUG_INFORMATION_FORMAT = dwarf;
				ENABLE_STRICT_OBJC_MSGSEND = YES;
				ENABLE_TESTABILITY = YES;
				GCC_C_LANGUAGE_STANDARD = gnu11;
				GCC_DYNAMIC_NO_PIC = NO;
				GCC_NO_COMMON_BLOCKS = YES;
				GCC_OPTIMIZATION_LEVEL = 0;
				GCC_PREPROCESSOR_DEFINITIONS = (
					"DEBUG=1",
					"$(inherited)",
				);
				GCC_WARN_64_TO_32_BIT_CONVERSION = YES;
				GCC_WARN_ABOUT_RETURN_TYPE = YES_ERROR;
				GCC_WARN_UNDECLARED_SELECTOR = YES;
				GCC_WARN_UNINITIALIZED_AUTOS = YES_AGGRESSIVE;
				GCC_WARN_UNUSED_FUNCTION = YES;
				GCC_WARN_UNUSED_VARIABLE = YES;
				IPHONEOS_DEPLOYMENT_TARGET = 13.2;
				MTL_ENABLE_DEBUG_INFO = INCLUDE_SOURCE;
				MTL_FAST_MATH = YES;
				ONLY_ACTIVE_ARCH = YES;
				SDKROOT = iphoneos;
				SWIFT_ACTIVE_COMPILATION_CONDITIONS = DEBUG;
				SWIFT_OPTIMIZATION_LEVEL = "-Onone";
			};
			name = Debug;
		};
		4F48BA62264485B200A2A88E /* Release */ = {
			isa = XCBuildConfiguration;
			buildSettings = {
				ALWAYS_SEARCH_USER_PATHS = NO;
				CLANG_ANALYZER_NONNULL = YES;
				CLANG_ANALYZER_NUMBER_OBJECT_CONVERSION = YES_AGGRESSIVE;
				CLANG_CXX_LANGUAGE_STANDARD = "gnu++14";
				CLANG_CXX_LIBRARY = "libc++";
				CLANG_ENABLE_MODULES = YES;
				CLANG_ENABLE_OBJC_ARC = YES;
				CLANG_ENABLE_OBJC_WEAK = YES;
				CLANG_WARN_BLOCK_CAPTURE_AUTORELEASING = YES;
				CLANG_WARN_BOOL_CONVERSION = YES;
				CLANG_WARN_COMMA = YES;
				CLANG_WARN_CONSTANT_CONVERSION = YES;
				CLANG_WARN_DEPRECATED_OBJC_IMPLEMENTATIONS = YES;
				CLANG_WARN_DIRECT_OBJC_ISA_USAGE = YES_ERROR;
				CLANG_WARN_DOCUMENTATION_COMMENTS = YES;
				CLANG_WARN_EMPTY_BODY = YES;
				CLANG_WARN_ENUM_CONVERSION = YES;
				CLANG_WARN_INFINITE_RECURSION = YES;
				CLANG_WARN_INT_CONVERSION = YES;
				CLANG_WARN_NON_LITERAL_NULL_CONVERSION = YES;
				CLANG_WARN_OBJC_IMPLICIT_RETAIN_SELF = YES;
				CLANG_WARN_OBJC_LITERAL_CONVERSION = YES;
				CLANG_WARN_OBJC_ROOT_CLASS = YES_ERROR;
				CLANG_WARN_RANGE_LOOP_ANALYSIS = YES;
				CLANG_WARN_STRICT_PROTOTYPES = YES;
				CLANG_WARN_SUSPICIOUS_MOVE = YES;
				CLANG_WARN_UNGUARDED_AVAILABILITY = YES_AGGRESSIVE;
				CLANG_WARN_UNREACHABLE_CODE = YES;
				CLANG_WARN__DUPLICATE_METHOD_MATCH = YES;
				COPY_PHASE_STRIP = NO;
				DEBUG_INFORMATION_FORMAT = "dwarf-with-dsym";
				ENABLE_NS_ASSERTIONS = NO;
				ENABLE_STRICT_OBJC_MSGSEND = YES;
				GCC_C_LANGUAGE_STANDARD = gnu11;
				GCC_NO_COMMON_BLOCKS = YES;
				GCC_WARN_64_TO_32_BIT_CONVERSION = YES;
				GCC_WARN_ABOUT_RETURN_TYPE = YES_ERROR;
				GCC_WARN_UNDECLARED_SELECTOR = YES;
				GCC_WARN_UNINITIALIZED_AUTOS = YES_AGGRESSIVE;
				GCC_WARN_UNUSED_FUNCTION = YES;
				GCC_WARN_UNUSED_VARIABLE = YES;
				IPHONEOS_DEPLOYMENT_TARGET = 13.2;
				MTL_ENABLE_DEBUG_INFO = NO;
				MTL_FAST_MATH = YES;
				SDKROOT = iphoneos;
				SWIFT_COMPILATION_MODE = wholemodule;
				SWIFT_OPTIMIZATION_LEVEL = "-O";
				VALIDATE_PRODUCT = YES;
			};
			name = Release;
		};
		4F48BA64264485B200A2A88E /* Debug */ = {
			isa = XCBuildConfiguration;
			baseConfigurationReference = B9EFBA7845DDF3D06EE39B0E /* Pods-sideMenuApplication.debug.xcconfig */;
			buildSettings = {
				ASSETCATALOG_COMPILER_APPICON_NAME = AppIcon;
				CODE_SIGN_STYLE = Automatic;
				INFOPLIST_FILE = sideMenuApplication/Info.plist;
				LD_RUNPATH_SEARCH_PATHS = (
					"$(inherited)",
					"@executable_path/Frameworks",
				);
				PRODUCT_BUNDLE_IDENTIFIER = "Mehdi-Benrefad.sideMenuApplication";
				PRODUCT_NAME = "$(TARGET_NAME)";
				SWIFT_VERSION = 5.0;
				TARGETED_DEVICE_FAMILY = "1,2";
			};
			name = Debug;
		};
		4F48BA65264485B200A2A88E /* Release */ = {
			isa = XCBuildConfiguration;
			baseConfigurationReference = 7BD8FC3A617733C5A606D36E /* Pods-sideMenuApplication.release.xcconfig */;
			buildSettings = {
				ASSETCATALOG_COMPILER_APPICON_NAME = AppIcon;
				CODE_SIGN_STYLE = Automatic;
				INFOPLIST_FILE = sideMenuApplication/Info.plist;
				LD_RUNPATH_SEARCH_PATHS = (
					"$(inherited)",
					"@executable_path/Frameworks",
				);
				PRODUCT_BUNDLE_IDENTIFIER = "Mehdi-Benrefad.sideMenuApplication";
				PRODUCT_NAME = "$(TARGET_NAME)";
				SWIFT_VERSION = 5.0;
				TARGETED_DEVICE_FAMILY = "1,2";
			};
			name = Release;
		};
/* End XCBuildConfiguration section */

/* Begin XCConfigurationList section */
		4F48BA4A264485A700A2A88E /* Build configuration list for PBXProject "sideMenuApplication" */ = {
			isa = XCConfigurationList;
			buildConfigurations = (
				4F48BA61264485B200A2A88E /* Debug */,
				4F48BA62264485B200A2A88E /* Release */,
			);
			defaultConfigurationIsVisible = 0;
			defaultConfigurationName = Release;
		};
		4F48BA63264485B200A2A88E /* Build configuration list for PBXNativeTarget "sideMenuApplication" */ = {
			isa = XCConfigurationList;
			buildConfigurations = (
				4F48BA64264485B200A2A88E /* Debug */,
				4F48BA65264485B200A2A88E /* Release */,
			);
			defaultConfigurationIsVisible = 0;
			defaultConfigurationName = Release;
		};
/* End XCConfigurationList section */
	};
	rootObject = 4F48BA47264485A700A2A88E /* Project object */;
}
